
Microsoft Visual Studio Solution File, Format Version 12.00
# Visual Studio 15
VisualStudioVersion = 15.0.28307.421
MinimumVisualStudioVersion = 10.0.40219.1
Project("{FAE04EC0-301F-11D3-BF4B-00C04F79EFBC}") = "Generic collections", "Generic collections\Generic collections.csproj", "{0B2AA460-E91A-4265-A6CF-B5DDD5BFC02B}"
EndProject
Global
	GlobalSection(SolutionConfigurationPlatforms) = preSolution
		Debug|Any CPU = Debug|Any CPU
		Release|Any CPU = Release|Any CPU
	EndGlobalSection
	GlobalSection(ProjectConfigurationPlatforms) = postSolution
		{0B2AA460-E91A-4265-A6CF-B5DDD5BFC02B}.Debug|Any CPU.ActiveCfg = Debug|Any CPU
		{0B2AA460-E91A-4265-A6CF-B5DDD5BFC02B}.Debug|Any CPU.Build.0 = Debug|Any CPU
		{0B2AA460-E91A-4265-A6CF-B5DDD5BFC02B}.Release|Any CPU.ActiveCfg = Release|Any CPU
		{0B2AA460-E91A-4265-A6CF-B5DDD5BFC02B}.Release|Any CPU.Build.0 = Release|Any CPU
	EndGlobalSection
	GlobalSection(SolutionProperties) = preSolution
		HideSolutionNode = FALSE
	EndGlobalSection
	GlobalSection(ExtensibilityGlobals) = postSolution
		SolutionGuid = {FBB62010-AA4A-469F-A85D-C663DED40D91}
	EndGlobalSection
EndGlobal
